
Microsoft Visual Studio Solution File, Format Version 12.00
# Visual Studio Version 17
VisualStudioVersion = 17.11.35222.181
MinimumVisualStudioVersion = 10.0.40219.1
Project("{FAE04EC0-301F-11D3-BF4B-00C04F79EFBC}") = "task 1.1", "task 1.1\task 1.1.csproj", "{46B339D5-AEE6-4F15-8DD1-12547E5E6F33}"
EndProject
Global
	GlobalSection(SolutionConfigurationPlatforms) = preSolution
		Debug|Any CPU = Debug|Any CPU
		Release|Any CPU = Release|Any CPU
	EndGlobalSection
	GlobalSection(ProjectConfigurationPlatforms) = postSolution
		{46B339D5-AEE6-4F15-8DD1-12547E5E6F33}.Debug|Any CPU.ActiveCfg = Debug|Any CPU
		{46B339D5-AEE6-4F15-8DD1-12547E5E6F33}.Debug|Any CPU.Build.0 = Debug|Any CPU
		{46B339D5-AEE6-4F15-8DD1-12547E5E6F33}.Release|Any CPU.ActiveCfg = Release|Any CPU
		{46B339D5-AEE6-4F15-8DD1-12547E5E6F33}.Release|Any CPU.Build.0 = Release|Any CPU
	EndGlobalSection
	GlobalSection(SolutionProperties) = preSolution
		HideSolutionNode = FALSE
	EndGlobalSection
	GlobalSection(ExtensibilityGlobals) = postSolution
		SolutionGuid = {D608292C-467A-40EE-B7EA-195D41260A0F}
	EndGlobalSection
EndGlobal
