
Microsoft Visual Studio Solution File, Format Version 12.00
# Visual Studio Version 17
VisualStudioVersion = 17.14.37027.9 d17.14
MinimumVisualStudioVersion = 10.0.40219.1
Project("{FAE04EC0-301F-11D3-BF4B-00C04F79EFBC}") = "DBWinform", "DBWinform\DBWinform.csproj", "{7B08DC83-6627-4B85-B48D-BC4AE790A00B}"
EndProject
Global
	GlobalSection(SolutionConfigurationPlatforms) = preSolution
		Debug|Any CPU = Debug|Any CPU
		Release|Any CPU = Release|Any CPU
	EndGlobalSection
	GlobalSection(ProjectConfigurationPlatforms) = postSolution
		{7B08DC83-6627-4B85-B48D-BC4AE790A00B}.Debug|Any CPU.ActiveCfg = Debug|Any CPU
		{7B08DC83-6627-4B85-B48D-BC4AE790A00B}.Debug|Any CPU.Build.0 = Debug|Any CPU
		{7B08DC83-6627-4B85-B48D-BC4AE790A00B}.Release|Any CPU.ActiveCfg = Release|Any CPU
		{7B08DC83-6627-4B85-B48D-BC4AE790A00B}.Release|Any CPU.Build.0 = Release|Any CPU
	EndGlobalSection
	GlobalSection(SolutionProperties) = preSolution
		HideSolutionNode = FALSE
	EndGlobalSection
	GlobalSection(ExtensibilityGlobals) = postSolution
		SolutionGuid = {E46C0F74-12AD-4C92-B87E-1A77500A6C74}
	EndGlobalSection
EndGlobal
